
Microsoft Visual Studio Solution File, Format Version 12.00
# Visual Studio 15
VisualStudioVersion = 15.0.28107.0
MinimumVisualStudioVersion = 10.0.40219.1
Project("{9A19103F-16F7-4668-BE54-9A1E7A4F7556}") = "ProfileApp", "ProfileApp\ProfileApp.csproj", "{9F245FC3-826F-4092-ABE6-90DB021BF797}"
EndProject
Project("{9A19103F-16F7-4668-BE54-9A1E7A4F7556}") = "Codehaks.Extentions.LiteDb", "Codehaks.Extentions.LiteDb\Codehaks.Extentions.LiteDb.csproj", "{46F441B5-46D7-4F7A-B559-3A7DB8DFFE29}"
EndProject
Global
	GlobalSection(SolutionConfigurationPlatforms) = preSolution
		Debug|Any CPU = Debug|Any CPU
		Release|Any CPU = Release|Any CPU
	EndGlobalSection
	GlobalSection(ProjectConfigurationPlatforms) = postSolution
		{9F245FC3-826F-4092-ABE6-90DB021BF797}.Debug|Any CPU.ActiveCfg = Debug|Any CPU
		{9F245FC3-826F-4092-ABE6-90DB021BF797}.Debug|Any CPU.Build.0 = Debug|Any CPU
		{9F245FC3-826F-4092-ABE6-90DB021BF797}.Release|Any CPU.ActiveCfg = Release|Any CPU
		{9F245FC3-826F-4092-ABE6-90DB021BF797}.Release|Any CPU.Build.0 = Release|Any CPU
		{46F441B5-46D7-4F7A-B559-3A7DB8DFFE29}.Debug|Any CPU.ActiveCfg = Debug|Any CPU
		{46F441B5-46D7-4F7A-B559-3A7DB8DFFE29}.Debug|Any CPU.Build.0 = Debug|Any CPU
		{46F441B5-46D7-4F7A-B559-3A7DB8DFFE29}.Release|Any CPU.ActiveCfg = Release|Any CPU
		{46F441B5-46D7-4F7A-B559-3A7DB8DFFE29}.Release|Any CPU.Build.0 = Release|Any CPU
	EndGlobalSection
	GlobalSection(SolutionProperties) = preSolution
		HideSolutionNode = FALSE
	EndGlobalSection
	GlobalSection(ExtensibilityGlobals) = postSolution
		SolutionGuid = {1EB5D809-2855-44CB-8B12-91BF5E351C2F}
	EndGlobalSection
EndGlobal
